
Microsoft Visual Studio Solution File, Format Version 12.00
# Visual Studio Version 16
VisualStudioVersion = 16.0.33423.256
MinimumVisualStudioVersion = 10.0.40219.1
Project("{FAE04EC0-301F-11D3-BF4B-00C04F79EFBC}") = "MAgicStoreAdmin", "MAgicStoreAdmin\MAgicStoreAdmin.csproj", "{4116CF17-9957-4EFC-9783-E20F350FC00E}"
EndProject
Project("{FAE04EC0-301F-11D3-BF4B-00C04F79EFBC}") = "CapaPresentacionTienda", "CapaPresentacionTienda\CapaPresentacionTienda.csproj", "{8E66A0E7-C8AF-487D-8502-BCF1EABACDD6}"
EndProject
Project("{FAE04EC0-301F-11D3-BF4B-00C04F79EFBC}") = "CapaDatos", "CapaDatos\CapaDatos.csproj", "{ADCEDBB9-F517-4F26-9278-C46CD5465BBA}"
EndProject
Project("{FAE04EC0-301F-11D3-BF4B-00C04F79EFBC}") = "CapaEntidad", "CapaEntidad\CapaEntidad.csproj", "{3B3C3D4C-7EF2-4360-A330-38AB83BC66F1}"
EndProject
Project("{FAE04EC0-301F-11D3-BF4B-00C04F79EFBC}") = "CapaNegocios", "CapaNegocios\CapaNegocios.csproj", "{EA46C3DE-D568-405C-8AB8-CA870C333D9C}"
EndProject
Global
	GlobalSection(SolutionConfigurationPlatforms) = preSolution
		Debug|Any CPU = Debug|Any CPU
		Release|Any CPU = Release|Any CPU
	EndGlobalSection
	GlobalSection(ProjectConfigurationPlatforms) = postSolution
		{4116CF17-9957-4EFC-9783-E20F350FC00E}.Debug|Any CPU.ActiveCfg = Debug|Any CPU
		{4116CF17-9957-4EFC-9783-E20F350FC00E}.Debug|Any CPU.Build.0 = Debug|Any CPU
		{4116CF17-9957-4EFC-9783-E20F350FC00E}.Release|Any CPU.ActiveCfg = Release|Any CPU
		{4116CF17-9957-4EFC-9783-E20F350FC00E}.Release|Any CPU.Build.0 = Release|Any CPU
		{8E66A0E7-C8AF-487D-8502-BCF1EABACDD6}.Debug|Any CPU.ActiveCfg = Debug|Any CPU
		{8E66A0E7-C8AF-487D-8502-BCF1EABACDD6}.Debug|Any CPU.Build.0 = Debug|Any CPU
		{8E66A0E7-C8AF-487D-8502-BCF1EABACDD6}.Release|Any CPU.ActiveCfg = Release|Any CPU
		{8E66A0E7-C8AF-487D-8502-BCF1EABACDD6}.Release|Any CPU.Build.0 = Release|Any CPU
		{ADCEDBB9-F517-4F26-9278-C46CD5465BBA}.Debug|Any CPU.ActiveCfg = Debug|Any CPU
		{ADCEDBB9-F517-4F26-9278-C46CD5465BBA}.Debug|Any CPU.Build.0 = Debug|Any CPU
		{ADCEDBB9-F517-4F26-9278-C46CD5465BBA}.Release|Any CPU.ActiveCfg = Release|Any CPU
		{ADCEDBB9-F517-4F26-9278-C46CD5465BBA}.Release|Any CPU.Build.0 = Release|Any CPU
		{3B3C3D4C-7EF2-4360-A330-38AB83BC66F1}.Debug|Any CPU.ActiveCfg = Debug|Any CPU
		{3B3C3D4C-7EF2-4360-A330-38AB83BC66F1}.Debug|Any CPU.Build.0 = Debug|Any CPU
		{3B3C3D4C-7EF2-4360-A330-38AB83BC66F1}.Release|Any CPU.ActiveCfg = Release|Any CPU
		{3B3C3D4C-7EF2-4360-A330-38AB83BC66F1}.Release|Any CPU.Build.0 = Release|Any CPU
		{EA46C3DE-D568-405C-8AB8-CA870C333D9C}.Debug|Any CPU.ActiveCfg = Debug|Any CPU
		{EA46C3DE-D568-405C-8AB8-CA870C333D9C}.Debug|Any CPU.Build.0 = Debug|Any CPU
		{EA46C3DE-D568-405C-8AB8-CA870C333D9C}.Release|Any CPU.ActiveCfg = Release|Any CPU
		{EA46C3DE-D568-405C-8AB8-CA870C333D9C}.Release|Any CPU.Build.0 = Release|Any CPU
	EndGlobalSection
	GlobalSection(SolutionProperties) = preSolution
		HideSolutionNode = FALSE
	EndGlobalSection
	GlobalSection(ExtensibilityGlobals) = postSolution
		SolutionGuid = {920B82CA-B133-45C5-92AC-54B5461B451A}
	EndGlobalSection
EndGlobal
